
Microsoft Visual Studio Solution File, Format Version 12.00
# Visual Studio Version 17
VisualStudioVersion = 17.4.33103.184
MinimumVisualStudioVersion = 10.0.40219.1
Project("{FAE04EC0-301F-11D3-BF4B-00C04F79EFBC}") = "Lab04_Avramyshyn", "Lab04_Avramyshyn\Lab04_Avramyshyn.csproj", "{D723E6FA-0D70-45FB-9C93-88BE53AEF35C}"
EndProject
Global
	GlobalSection(SolutionConfigurationPlatforms) = preSolution
		Debug|Any CPU = Debug|Any CPU
		Release|Any CPU = Release|Any CPU
	EndGlobalSection
	GlobalSection(ProjectConfigurationPlatforms) = postSolution
		{D723E6FA-0D70-45FB-9C93-88BE53AEF35C}.Debug|Any CPU.ActiveCfg = Debug|Any CPU
		{D723E6FA-0D70-45FB-9C93-88BE53AEF35C}.Debug|Any CPU.Build.0 = Debug|Any CPU
		{D723E6FA-0D70-45FB-9C93-88BE53AEF35C}.Release|Any CPU.ActiveCfg = Release|Any CPU
		{D723E6FA-0D70-45FB-9C93-88BE53AEF35C}.Release|Any CPU.Build.0 = Release|Any CPU
	EndGlobalSection
	GlobalSection(SolutionProperties) = preSolution
		HideSolutionNode = FALSE
	EndGlobalSection
	GlobalSection(ExtensibilityGlobals) = postSolution
		SolutionGuid = {EAF9FD6F-95B3-4628-9D6A-E5DA54D76972}
	EndGlobalSection
EndGlobal
